
Microsoft Visual Studio Solution File, Format Version 12.00
# Visual Studio 15
VisualStudioVersion = 15.0.27428.1
MinimumVisualStudioVersion = 10.0.40219.1
Project("{FAE04EC0-301F-11D3-BF4B-00C04F79EFBC}") = "CoffeeTracker.Android", "CoffeeTracker\CoffeeTracker.Android\CoffeeTracker.Android.csproj", "{CBD6E6F3-8E4E-4EC8-9E3E-0513EFF2C48A}"
EndProject
Project("{FAE04EC0-301F-11D3-BF4B-00C04F79EFBC}") = "CoffeeTracker.iOS", "CoffeeTracker\CoffeeTracker.iOS\CoffeeTracker.iOS.csproj", "{D795743C-64B0-4901-AB11-9BCFA58E93AC}"
EndProject
Project("{D954291E-2A0B-460D-934E-DC6B0785DB48}") = "CoffeeTracker", "CoffeeTracker\CoffeeTracker\CoffeeTracker.shproj", "{80615DC7-8D71-4E5D-AEDF-E66774767B0D}"
EndProject
Global
	GlobalSection(SharedMSBuildProjectFiles) = preSolution
		CoffeeTracker\CoffeeTracker\CoffeeTracker.projitems*{80615dc7-8d71-4e5d-aedf-e66774767b0d}*SharedItemsImports = 13
		CoffeeTracker\CoffeeTracker\CoffeeTracker.projitems*{cbd6e6f3-8e4e-4ec8-9e3e-0513eff2c48a}*SharedItemsImports = 4
		CoffeeTracker\CoffeeTracker\CoffeeTracker.projitems*{d795743c-64b0-4901-ab11-9bcfa58e93ac}*SharedItemsImports = 4
	EndGlobalSection
	GlobalSection(SolutionConfigurationPlatforms) = preSolution
		Ad-Hoc|Any CPU = Ad-Hoc|Any CPU
		Ad-Hoc|iPhone = Ad-Hoc|iPhone
		Ad-Hoc|iPhoneSimulator = Ad-Hoc|iPhoneSimulator
		AppStore|Any CPU = AppStore|Any CPU
		AppStore|iPhone = AppStore|iPhone
		AppStore|iPhoneSimulator = AppStore|iPhoneSimulator
		Debug|Any CPU = Debug|Any CPU
		Debug|iPhone = Debug|iPhone
		Debug|iPhoneSimulator = Debug|iPhoneSimulator
		Release|Any CPU = Release|Any CPU
		Release|iPhone = Release|iPhone
		Release|iPhoneSimulator = Release|iPhoneSimulator
	EndGlobalSection
	GlobalSection(ProjectConfigurationPlatforms) = postSolution
		{CBD6E6F3-8E4E-4EC8-9E3E-0513EFF2C48A}.Ad-Hoc|Any CPU.ActiveCfg = Release|Any CPU
		{CBD6E6F3-8E4E-4EC8-9E3E-0513EFF2C48A}.Ad-Hoc|Any CPU.Build.0 = Release|Any CPU
		{CBD6E6F3-8E4E-4EC8-9E3E-0513EFF2C48A}.Ad-Hoc|Any CPU.Deploy.0 = Release|Any CPU
		{CBD6E6F3-8E4E-4EC8-9E3E-0513EFF2C48A}.Ad-Hoc|iPhone.ActiveCfg = Release|Any CPU
		{CBD6E6F3-8E4E-4EC8-9E3E-0513EFF2C48A}.Ad-Hoc|iPhone.Build.0 = Release|Any CPU
		{CBD6E6F3-8E4E-4EC8-9E3E-0513EFF2C48A}.Ad-Hoc|iPhone.Deploy.0 = Release|Any CPU
		{CBD6E6F3-8E4E-4EC8-9E3E-0513EFF2C48A}.Ad-Hoc|iPhoneSimulator.ActiveCfg = Release|Any CPU
		{CBD6E6F3-8E4E-4EC8-9E3E-0513EFF2C48A}.Ad-Hoc|iPhoneSimulator.Build.0 = Release|Any CPU
		{CBD6E6F3-8E4E-4EC8-9E3E-0513EFF2C48A}.Ad-Hoc|iPhoneSimulator.Deploy.0 = Release|Any CPU
		{CBD6E6F3-8E4E-4EC8-9E3E-0513EFF2C48A}.AppStore|Any CPU.ActiveCfg = Release|Any CPU
		{CBD6E6F3-8E4E-4EC8-9E3E-0513EFF2C48A}.AppStore|Any CPU.Build.0 = Release|Any CPU
		{CBD6E6F3-8E4E-4EC8-9E3E-0513EFF2C48A}.AppStore|Any CPU.Deploy.0 = Release|Any CPU
		{CBD6E6F3-8E4E-4EC8-9E3E-0513EFF2C48A}.AppStore|iPhone.ActiveCfg = Release|Any CPU
		{CBD6E6F3-8E4E-4EC8-9E3E-0513EFF2C48A}.AppStore|iPhone.Build.0 = Release|Any CPU
		{CBD6E6F3-8E4E-4EC8-9E3E-0513EFF2C48A}.AppStore|iPhone.Deploy.0 = Release|Any CPU
		{CBD6E6F3-8E4E-4EC8-9E3E-0513EFF2C48A}.AppStore|iPhoneSimulator.ActiveCfg = Release|Any CPU
		{CBD6E6F3-8E4E-4EC8-9E3E-0513EFF2C48A}.AppStore|iPhoneSimulator.Build.0 = Release|Any CPU
		{CBD6E6F3-8E4E-4EC8-9E3E-0513EFF2C48A}.AppStore|iPhoneSimulator.Deploy.0 = Release|Any CPU
		{CBD6E6F3-8E4E-4EC8-9E3E-0513EFF2C48A}.Debug|Any CPU.ActiveCfg = Debug|Any CPU
		{CBD6E6F3-8E4E-4EC8-9E3E-0513EFF2C48A}.Debug|Any CPU.Build.0 = Debug|Any CPU
		{CBD6E6F3-8E4E-4EC8-9E3E-0513EFF2C48A}.Debug|Any CPU.Deploy.0 = Debug|Any CPU
		{CBD6E6F3-8E4E-4EC8-9E3E-0513EFF2C48A}.Debug|iPhone.ActiveCfg = Debug|Any CPU
		{CBD6E6F3-8E4E-4EC8-9E3E-0513EFF2C48A}.Debug|iPhone.Build.0 = Debug|Any CPU
		{CBD6E6F3-8E4E-4EC8-9E3E-0513EFF2C48A}.Debug|iPhone.Deploy.0 = Debug|Any CPU
		{CBD6E6F3-8E4E-4EC8-9E3E-0513EFF2C48A}.Debug|iPhoneSimulator.ActiveCfg = Debug|Any CPU
		{CBD6E6F3-8E4E-4EC8-9E3E-0513EFF2C48A}.Debug|iPhoneSimulator.Build.0 = Debug|Any CPU
		{CBD6E6F3-8E4E-4EC8-9E3E-0513EFF2C48A}.Debug|iPhoneSimulator.Deploy.0 = Debug|Any CPU
		{CBD6E6F3-8E4E-4EC8-9E3E-0513EFF2C48A}.Release|Any CPU.ActiveCfg = Release|Any CPU
		{CBD6E6F3-8E4E-4EC8-9E3E-0513EFF2C48A}.Release|Any CPU.Build.0 = Release|Any CPU
		{CBD6E6F3-8E4E-4EC8-9E3E-0513EFF2C48A}.Release|Any CPU.Deploy.0 = Release|Any CPU
		{CBD6E6F3-8E4E-4EC8-9E3E-0513EFF2C48A}.Release|iPhone.ActiveCfg = Release|Any CPU
		{CBD6E6F3-8E4E-4EC8-9E3E-0513EFF2C48A}.Release|iPhone.Build.0 = Release|Any CPU
		{CBD6E6F3-8E4E-4EC8-9E3E-0513EFF2C48A}.Release|iPhone.Deploy.0 = Release|Any CPU
		{CBD6E6F3-8E4E-4EC8-9E3E-0513EFF2C48A}.Release|iPhoneSimulator.ActiveCfg = Release|Any CPU
		{CBD6E6F3-8E4E-4EC8-9E3E-0513EFF2C48A}.Release|iPhoneSimulator.Build.0 = Release|Any CPU
		{CBD6E6F3-8E4E-4EC8-9E3E-0513EFF2C48A}.Release|iPhoneSimulator.Deploy.0 = Release|Any CPU
		{D795743C-64B0-4901-AB11-9BCFA58E93AC}.Ad-Hoc|Any CPU.ActiveCfg = Ad-Hoc|iPhone
		{D795743C-64B0-4901-AB11-9BCFA58E93AC}.Ad-Hoc|iPhone.ActiveCfg = Ad-Hoc|iPhone
		{D795743C-64B0-4901-AB11-9BCFA58E93AC}.Ad-Hoc|iPhone.Build.0 = Ad-Hoc|iPhone
		{D795743C-64B0-4901-AB11-9BCFA58E93AC}.Ad-Hoc|iPhoneSimulator.ActiveCfg = Ad-Hoc|iPhoneSimulator
		{D795743C-64B0-4901-AB11-9BCFA58E93AC}.Ad-Hoc|iPhoneSimulator.Build.0 = Ad-Hoc|iPhoneSimulator
		{D795743C-64B0-4901-AB11-9BCFA58E93AC}.AppStore|Any CPU.ActiveCfg = AppStore|iPhone
		{D795743C-64B0-4901-AB11-9BCFA58E93AC}.AppStore|iPhone.ActiveCfg = AppStore|iPhone
		{D795743C-64B0-4901-AB11-9BCFA58E93AC}.AppStore|iPhone.Build.0 = AppStore|iPhone
		{D795743C-64B0-4901-AB11-9BCFA58E93AC}.AppStore|iPhoneSimulator.ActiveCfg = AppStore|iPhoneSimulator
		{D795743C-64B0-4901-AB11-9BCFA58E93AC}.AppStore|iPhoneSimulator.Build.0 = AppStore|iPhoneSimulator
		{D795743C-64B0-4901-AB11-9BCFA58E93AC}.Debug|Any CPU.ActiveCfg = Debug|iPhone
		{D795743C-64B0-4901-AB11-9BCFA58E93AC}.Debug|iPhone.ActiveCfg = Debug|iPhone
		{D795743C-64B0-4901-AB11-9BCFA58E93AC}.Debug|iPhone.Build.0 = Debug|iPhone
		{D795743C-64B0-4901-AB11-9BCFA58E93AC}.Debug|iPhoneSimulator.ActiveCfg = Debug|iPhoneSimulator
		{D795743C-64B0-4901-AB11-9BCFA58E93AC}.Debug|iPhoneSimulator.Build.0 = Debug|iPhoneSimulator
		{D795743C-64B0-4901-AB11-9BCFA58E93AC}.Release|Any CPU.ActiveCfg = Release|iPhone
		{D795743C-64B0-4901-AB11-9BCFA58E93AC}.Release|iPhone.ActiveCfg = Release|iPhone
		{D795743C-64B0-4901-AB11-9BCFA58E93AC}.Release|iPhone.Build.0 = Release|iPhone
		{D795743C-64B0-4901-AB11-9BCFA58E93AC}.Release|iPhoneSimulator.ActiveCfg = Release|iPhoneSimulator
		{D795743C-64B0-4901-AB11-9BCFA58E93AC}.Release|iPhoneSimulator.Build.0 = Release|iPhoneSimulator
	EndGlobalSection
	GlobalSection(SolutionProperties) = preSolution
		HideSolutionNode = FALSE
	EndGlobalSection
	GlobalSection(ExtensibilityGlobals) = postSolution
		SolutionGuid = {B7CE5389-696A-4723-8782-CDCC1DD09823}
	EndGlobalSection
EndGlobal
